
Microsoft Visual Studio Solution File, Format Version 12.00
# Visual Studio Version 16
VisualStudioVersion = 16.0.28803.202
MinimumVisualStudioVersion = 10.0.40219.1
Project("{FAE04EC0-301F-11D3-BF4B-00C04F79EFBC}") = "reportForNewUsersBuys", "reportForNewUsersBuys\reportForNewUsersBuys.csproj", "{1A80455A-D845-4926-9868-9124C37D80EC}"
EndProject
Global
	GlobalSection(SolutionConfigurationPlatforms) = preSolution
		Debug|Any CPU = Debug|Any CPU
		Release|Any CPU = Release|Any CPU
	EndGlobalSection
	GlobalSection(ProjectConfigurationPlatforms) = postSolution
		{1A80455A-D845-4926-9868-9124C37D80EC}.Debug|Any CPU.ActiveCfg = Debug|Any CPU
		{1A80455A-D845-4926-9868-9124C37D80EC}.Debug|Any CPU.Build.0 = Debug|Any CPU
		{1A80455A-D845-4926-9868-9124C37D80EC}.Release|Any CPU.ActiveCfg = Release|Any CPU
		{1A80455A-D845-4926-9868-9124C37D80EC}.Release|Any CPU.Build.0 = Release|Any CPU
	EndGlobalSection
	GlobalSection(SolutionProperties) = preSolution
		HideSolutionNode = FALSE
	EndGlobalSection
	GlobalSection(ExtensibilityGlobals) = postSolution
		SolutionGuid = {D872BB2C-91BA-4A68-B228-1C1AEDA97EA7}
	EndGlobalSection
EndGlobal
