
Microsoft Visual Studio Solution File, Format Version 12.00
# Visual Studio Version 16
VisualStudioVersion = 16.0.30523.141
MinimumVisualStudioVersion = 10.0.40219.1
Project("{FAE04EC0-301F-11D3-BF4B-00C04F79EFBC}") = "OnlineModuleCreateFileGoods", "OnlineModuleCreateFileGoods\OnlineModuleCreateFileGoods.csproj", "{95851CB5-7A52-446B-A50A-6518A5908907}"
EndProject
Project("{FAE04EC0-301F-11D3-BF4B-00C04F79EFBC}") = "OnlineStoreServiceLogic", "OnlineStoreServiceLogic\OnlineStoreServiceLogic.csproj", "{198BD5F5-E1C3-435B-8848-CE151065E89E}"
EndProject
Project("{FAE04EC0-301F-11D3-BF4B-00C04F79EFBC}") = "winServiceOnline", "winServiceOnline\winServiceOnline.csproj", "{62DB1197-58D5-48EA-AA81-FD73BB3362EA}"
EndProject
Global
	GlobalSection(SolutionConfigurationPlatforms) = preSolution
		Debug|Any CPU = Debug|Any CPU
		Release|Any CPU = Release|Any CPU
	EndGlobalSection
	GlobalSection(ProjectConfigurationPlatforms) = postSolution
		{95851CB5-7A52-446B-A50A-6518A5908907}.Debug|Any CPU.ActiveCfg = Debug|Any CPU
		{95851CB5-7A52-446B-A50A-6518A5908907}.Debug|Any CPU.Build.0 = Debug|Any CPU
		{95851CB5-7A52-446B-A50A-6518A5908907}.Release|Any CPU.ActiveCfg = Release|Any CPU
		{95851CB5-7A52-446B-A50A-6518A5908907}.Release|Any CPU.Build.0 = Release|Any CPU
		{198BD5F5-E1C3-435B-8848-CE151065E89E}.Debug|Any CPU.ActiveCfg = Debug|Any CPU
		{198BD5F5-E1C3-435B-8848-CE151065E89E}.Debug|Any CPU.Build.0 = Debug|Any CPU
		{198BD5F5-E1C3-435B-8848-CE151065E89E}.Release|Any CPU.ActiveCfg = Release|Any CPU
		{198BD5F5-E1C3-435B-8848-CE151065E89E}.Release|Any CPU.Build.0 = Release|Any CPU
		{62DB1197-58D5-48EA-AA81-FD73BB3362EA}.Debug|Any CPU.ActiveCfg = Debug|Any CPU
		{62DB1197-58D5-48EA-AA81-FD73BB3362EA}.Debug|Any CPU.Build.0 = Debug|Any CPU
		{62DB1197-58D5-48EA-AA81-FD73BB3362EA}.Release|Any CPU.ActiveCfg = Release|Any CPU
		{62DB1197-58D5-48EA-AA81-FD73BB3362EA}.Release|Any CPU.Build.0 = Release|Any CPU
	EndGlobalSection
	GlobalSection(SolutionProperties) = preSolution
		HideSolutionNode = FALSE
	EndGlobalSection
	GlobalSection(ExtensibilityGlobals) = postSolution
		SolutionGuid = {B70D217E-EE95-42AD-ADFE-A6CBDC58355D}
	EndGlobalSection
EndGlobal
